
Microsoft Visual Studio Solution File, Format Version 12.00
# Visual Studio 15
VisualStudioVersion = 15.0.28307.705
MinimumVisualStudioVersion = 10.0.40219.1
Project("{FAE04EC0-301F-11D3-BF4B-00C04F79EFBC}") = "componentExample6", "componentExample6\componentExample6.csproj", "{8D72ACC0-5D72-4D7A-92C5-D40D1A73C3CF}"
EndProject
Global
	GlobalSection(SolutionConfigurationPlatforms) = preSolution
		Debug|Any CPU = Debug|Any CPU
		Release|Any CPU = Release|Any CPU
	EndGlobalSection
	GlobalSection(ProjectConfigurationPlatforms) = postSolution
		{8D72ACC0-5D72-4D7A-92C5-D40D1A73C3CF}.Debug|Any CPU.ActiveCfg = Debug|Any CPU
		{8D72ACC0-5D72-4D7A-92C5-D40D1A73C3CF}.Debug|Any CPU.Build.0 = Debug|Any CPU
		{8D72ACC0-5D72-4D7A-92C5-D40D1A73C3CF}.Release|Any CPU.ActiveCfg = Release|Any CPU
		{8D72ACC0-5D72-4D7A-92C5-D40D1A73C3CF}.Release|Any CPU.Build.0 = Release|Any CPU
	EndGlobalSection
	GlobalSection(SolutionProperties) = preSolution
		HideSolutionNode = FALSE
	EndGlobalSection
	GlobalSection(ExtensibilityGlobals) = postSolution
		SolutionGuid = {F8E5313C-AC02-4605-92F2-39CCBA532C7B}
	EndGlobalSection
EndGlobal
