
Microsoft Visual Studio Solution File, Format Version 12.00
# Visual Studio 15
VisualStudioVersion = 15.0.28307.705
MinimumVisualStudioVersion = 10.0.40219.1
Project("{FAE04EC0-301F-11D3-BF4B-00C04F79EFBC}") = "componentExample2", "componentExample2\componentExample2.csproj", "{7CCECC17-FEAD-41A3-BBBA-382185242C6A}"
EndProject
Global
	GlobalSection(SolutionConfigurationPlatforms) = preSolution
		Debug|Any CPU = Debug|Any CPU
		Release|Any CPU = Release|Any CPU
	EndGlobalSection
	GlobalSection(ProjectConfigurationPlatforms) = postSolution
		{7CCECC17-FEAD-41A3-BBBA-382185242C6A}.Debug|Any CPU.ActiveCfg = Debug|Any CPU
		{7CCECC17-FEAD-41A3-BBBA-382185242C6A}.Debug|Any CPU.Build.0 = Debug|Any CPU
		{7CCECC17-FEAD-41A3-BBBA-382185242C6A}.Release|Any CPU.ActiveCfg = Release|Any CPU
		{7CCECC17-FEAD-41A3-BBBA-382185242C6A}.Release|Any CPU.Build.0 = Release|Any CPU
	EndGlobalSection
	GlobalSection(SolutionProperties) = preSolution
		HideSolutionNode = FALSE
	EndGlobalSection
	GlobalSection(ExtensibilityGlobals) = postSolution
		SolutionGuid = {E0928F5A-1D9B-4E74-BAE7-392BB3CA1427}
	EndGlobalSection
EndGlobal
